
Microsoft Visual Studio Solution File, Format Version 12.00
# Visual Studio Version 17
VisualStudioVersion = 17.9.34701.34
MinimumVisualStudioVersion = 10.0.40219.1
Project("{FAE04EC0-301F-11D3-BF4B-00C04F79EFBC}") = "HipBroker", "HipBroker.csproj", "{F1ACCBC6-DBA4-45C4-BC86-F65A2C0D952D}"
EndProject
Global
	GlobalSection(SolutionConfigurationPlatforms) = preSolution
		Debug|Any CPU = Debug|Any CPU
		Release|Any CPU = Release|Any CPU
	EndGlobalSection
	GlobalSection(ProjectConfigurationPlatforms) = postSolution
		{F1ACCBC6-DBA4-45C4-BC86-F65A2C0D952D}.Debug|Any CPU.ActiveCfg = Debug|Any CPU
		{F1ACCBC6-DBA4-45C4-BC86-F65A2C0D952D}.Debug|Any CPU.Build.0 = Debug|Any CPU
		{F1ACCBC6-DBA4-45C4-BC86-F65A2C0D952D}.Release|Any CPU.ActiveCfg = Release|Any CPU
		{F1ACCBC6-DBA4-45C4-BC86-F65A2C0D952D}.Release|Any CPU.Build.0 = Release|Any CPU
	EndGlobalSection
	GlobalSection(SolutionProperties) = preSolution
		HideSolutionNode = FALSE
	EndGlobalSection
	GlobalSection(ExtensibilityGlobals) = postSolution
		SolutionGuid = {9B9B87F0-C524-4F9C-A023-85FF67DE0CA9}
	EndGlobalSection
EndGlobal
